
Microsoft Visual Studio Solution File, Format Version 12.00
# Visual Studio Version 17
VisualStudioVersion = 17.13.35825.156 d17.13
MinimumVisualStudioVersion = 10.0.40219.1
Project("{FAE04EC0-301F-11D3-BF4B-00C04F79EFBC}") = "CinemaApp", "CinemaApp\CinemaApp.csproj", "{9E669E0A-DDBE-4870-9BEE-A52C857BD04E}"
EndProject
Project("{FAE04EC0-301F-11D3-BF4B-00C04F79EFBC}") = "CinemaApp.Data", "CinemaApp.Data\CinemaApp.Data.csproj", "{EE4103D2-6C3F-4F68-80CF-E1661C6EC3DD}"
EndProject
Project("{FAE04EC0-301F-11D3-BF4B-00C04F79EFBC}") = "CinemaApp.Services", "CinemaApp.Services\CinemaApp.Services.csproj", "{1E726017-F7F4-45BB-A3C4-17CF6737AB65}"
EndProject
Global
	GlobalSection(SolutionConfigurationPlatforms) = preSolution
		Debug|Any CPU = Debug|Any CPU
		Release|Any CPU = Release|Any CPU
	EndGlobalSection
	GlobalSection(ProjectConfigurationPlatforms) = postSolution
		{9E669E0A-DDBE-4870-9BEE-A52C857BD04E}.Debug|Any CPU.ActiveCfg = Debug|Any CPU
		{9E669E0A-DDBE-4870-9BEE-A52C857BD04E}.Debug|Any CPU.Build.0 = Debug|Any CPU
		{9E669E0A-DDBE-4870-9BEE-A52C857BD04E}.Release|Any CPU.ActiveCfg = Release|Any CPU
		{9E669E0A-DDBE-4870-9BEE-A52C857BD04E}.Release|Any CPU.Build.0 = Release|Any CPU
		{EE4103D2-6C3F-4F68-80CF-E1661C6EC3DD}.Debug|Any CPU.ActiveCfg = Debug|Any CPU
		{EE4103D2-6C3F-4F68-80CF-E1661C6EC3DD}.Debug|Any CPU.Build.0 = Debug|Any CPU
		{EE4103D2-6C3F-4F68-80CF-E1661C6EC3DD}.Release|Any CPU.ActiveCfg = Release|Any CPU
		{EE4103D2-6C3F-4F68-80CF-E1661C6EC3DD}.Release|Any CPU.Build.0 = Release|Any CPU
		{1E726017-F7F4-45BB-A3C4-17CF6737AB65}.Debug|Any CPU.ActiveCfg = Debug|Any CPU
		{1E726017-F7F4-45BB-A3C4-17CF6737AB65}.Debug|Any CPU.Build.0 = Debug|Any CPU
		{1E726017-F7F4-45BB-A3C4-17CF6737AB65}.Release|Any CPU.ActiveCfg = Release|Any CPU
		{1E726017-F7F4-45BB-A3C4-17CF6737AB65}.Release|Any CPU.Build.0 = Release|Any CPU
	EndGlobalSection
	GlobalSection(SolutionProperties) = preSolution
		HideSolutionNode = FALSE
	EndGlobalSection
	GlobalSection(ExtensibilityGlobals) = postSolution
		SolutionGuid = {7CDFE7E1-1F5B-41BA-92EA-986D14BC5EBE}
	EndGlobalSection
EndGlobal
